PODS:
  - DTContainerViewController (1.0.0)

DEPENDENCIES:
  - DTContainerViewController (from `../`)

EXTERNAL SOURCES:
  DTContainerViewController:
    :path: ../

SPEC CHECKSUMS:
  DTContainerViewController: fd8e30223ab2bfaeb7e188337c49a8e7e20137da

PODFILE CHECKSUM: 481e41e8103b2f8535d087f371fcad6f90c3c9e2

COCOAPODS: 1.1.1
